
Microsoft Visual Studio Solution File, Format Version 12.00
# Visual Studio Version 16
VisualStudioVersion = 16.0.30104.148
MinimumVisualStudioVersion = 10.0.40219.1
Project("{FAE04EC0-301F-11D3-BF4B-00C04F79EFBC}") = "EconomyTracker", "EconomyTracker\EconomyTracker.csproj", "{000D38CB-5512-4DEB-A88C-0A1DE4B4DFCB}"
EndProject
Global
	GlobalSection(SolutionConfigurationPlatforms) = preSolution
		Debug|Any CPU = Debug|Any CPU
		Release|Any CPU = Release|Any CPU
	EndGlobalSection
	GlobalSection(ProjectConfigurationPlatforms) = postSolution
		{000D38CB-5512-4DEB-A88C-0A1DE4B4DFCB}.Debug|Any CPU.ActiveCfg = Debug|Any CPU
		{000D38CB-5512-4DEB-A88C-0A1DE4B4DFCB}.Debug|Any CPU.Build.0 = Debug|Any CPU
		{000D38CB-5512-4DEB-A88C-0A1DE4B4DFCB}.Release|Any CPU.ActiveCfg = Release|Any CPU
		{000D38CB-5512-4DEB-A88C-0A1DE4B4DFCB}.Release|Any CPU.Build.0 = Release|Any CPU
	EndGlobalSection
	GlobalSection(SolutionProperties) = preSolution
		HideSolutionNode = FALSE
	EndGlobalSection
	GlobalSection(ExtensibilityGlobals) = postSolution
		SolutionGuid = {4E3EFE35-989C-4991-B38B-E66A1B216358}
	EndGlobalSection
EndGlobal
